
Microsoft Visual Studio Solution File, Format Version 12.00
# Visual Studio Version 16
VisualStudioVersion = 16.0.32002.261
MinimumVisualStudioVersion = 10.0.40219.1
Project("{FAE04EC0-301F-11D3-BF4B-00C04F79EFBC}") = "CamelCasee", "CamelCasee\CamelCasee.csproj", "{84C67910-082B-4599-B60B-D8694E6AAC1B}"
EndProject
Global
	GlobalSection(SolutionConfigurationPlatforms) = preSolution
		Debug|Any CPU = Debug|Any CPU
		Release|Any CPU = Release|Any CPU
	EndGlobalSection
	GlobalSection(ProjectConfigurationPlatforms) = postSolution
		{84C67910-082B-4599-B60B-D8694E6AAC1B}.Debug|Any CPU.ActiveCfg = Debug|Any CPU
		{84C67910-082B-4599-B60B-D8694E6AAC1B}.Debug|Any CPU.Build.0 = Debug|Any CPU
		{84C67910-082B-4599-B60B-D8694E6AAC1B}.Release|Any CPU.ActiveCfg = Release|Any CPU
		{84C67910-082B-4599-B60B-D8694E6AAC1B}.Release|Any CPU.Build.0 = Release|Any CPU
	EndGlobalSection
	GlobalSection(SolutionProperties) = preSolution
		HideSolutionNode = FALSE
	EndGlobalSection
	GlobalSection(ExtensibilityGlobals) = postSolution
		SolutionGuid = {D7F0B95C-7DC4-4BB6-B348-4B70008C478C}
	EndGlobalSection
EndGlobal
